// !$*UTF8*$!
{
	archiveVersion = 1;
	classes = {
	};
	objectVersion = 56;
	objects = {

/* Begin PBXBuildFile section */
		BE2F3A0E2AA86F1100F9BF65 /* AddMemoViewController.swift in Sources */ = {isa = PBXBuildFile; fileRef = BE2F3A0D2AA86F1100F9BF65 /* AddMemoViewController.swift */; };
		BE2F3A102AA8747000F9BF65 /* DiaryTabBarController.swift in Sources */ = {isa = PBXBuildFile; fileRef = BE2F3A0F2AA8747000F9BF65 /* DiaryTabBarController.swift */; };
		BE2F3A122AA8769900F9BF65 /* AddMemoViewModels.swift in Sources */ = {isa = PBXBuildFile; fileRef = BE2F3A112AA8769900F9BF65 /* AddMemoViewModels.swift */; };
		BE2F3A152AA9A11200F9BF65 /* PreviewImageCell.swift in Sources */ = {isa = PBXBuildFile; fileRef = BE2F3A142AA9A11200F9BF65 /* PreviewImageCell.swift */; };
		BE2F3A172AAEDA1100F9BF65 /* LoadingIndicator.swift in Sources */ = {isa = PBXBuildFile; fileRef = BE2F3A162AAEDA1100F9BF65 /* LoadingIndicator.swift */; };
		BE2F3A192AAF113F00F9BF65 /* DiaryListViewModel.swift in Sources */ = {isa = PBXBuildFile; fileRef = BE2F3A182AAF113F00F9BF65 /* DiaryListViewModel.swift */; };
		BE2F3A1B2AAF167000F9BF65 /* DiaryItem.swift in Sources */ = {isa = PBXBuildFile; fileRef = BE2F3A1A2AAF167000F9BF65 /* DiaryItem.swift */; };
		BE2F3A1D2AB0488C00F9BF65 /* DiaryListCell.swift in Sources */ = {isa = PBXBuildFile; fileRef = BE2F3A1C2AB0488C00F9BF65 /* DiaryListCell.swift */; };
		BE2F3A1F2AB04A9E00F9BF65 /* ImageCacheManager.swift in Sources */ = {isa = PBXBuildFile; fileRef = BE2F3A1E2AB04A9E00F9BF65 /* ImageCacheManager.swift */; };
		BE2F3A212AB1891900F9BF65 /* DiaryDetailViewController.swift in Sources */ = {isa = PBXBuildFile; fileRef = BE2F3A202AB1891900F9BF65 /* DiaryDetailViewController.swift */; };
		BE2F3A232AB18B8A00F9BF65 /* DiaryDetailViewModel.swift in Sources */ = {isa = PBXBuildFile; fileRef = BE2F3A222AB18B8A00F9BF65 /* DiaryDetailViewModel.swift */; };
		BE2F3A252AB457F900F9BF65 /* MapViewModel.swift in Sources */ = {isa = PBXBuildFile; fileRef = BE2F3A242AB457F900F9BF65 /* MapViewModel.swift */; };
		BE2F3A272AB49BAD00F9BF65 /* Address.swift in Sources */ = {isa = PBXBuildFile; fileRef = BE2F3A262AB49BAD00F9BF65 /* Address.swift */; };
		BE2F3A292AB98BD800F9BF65 /* DiaryDetailImageCell.swift in Sources */ = {isa = PBXBuildFile; fileRef = BE2F3A282AB98BD800F9BF65 /* DiaryDetailImageCell.swift */; };
		BE2F3A2B2AC17C9E00F9BF65 /* DiarytListSingleton.swift in Sources */ = {isa = PBXBuildFile; fileRef = BE2F3A2A2AC17C9E00F9BF65 /* DiarytListSingleton.swift */; };
		BE2F3A2D2AC1A7AA00F9BF65 /* ImageMarkerView.swift in Sources */ = {isa = PBXBuildFile; fileRef = BE2F3A2C2AC1A7AA00F9BF65 /* ImageMarkerView.swift */; };
		BE2F3A332ACD80D600F9BF65 /* MapSelectionViewController.swift in Sources */ = {isa = PBXBuildFile; fileRef = BE2F3A322ACD80D600F9BF65 /* MapSelectionViewController.swift */; };
		BE2F3A352ACEE54B00F9BF65 /* DiaryListImageCell.swift in Sources */ = {isa = PBXBuildFile; fileRef = BE2F3A342ACEE54B00F9BF65 /* DiaryListImageCell.swift */; };
		BE2F3A372ACFFB1A00F9BF65 /* DiaryListMenuHeaderView.swift in Sources */ = {isa = PBXBuildFile; fileRef = BE2F3A362ACFFB1A00F9BF65 /* DiaryListMenuHeaderView.swift */; };
		BE407D852AA4B04C00A9A7A0 /* SignInViewController.swift in Sources */ = {isa = PBXBuildFile; fileRef = BE407D842AA4B04C00A9A7A0 /* SignInViewController.swift */; };
		BE407D872AA4B0B500A9A7A0 /* SignUpViewController.swift in Sources */ = {isa = PBXBuildFile; fileRef = BE407D862AA4B0B500A9A7A0 /* SignUpViewController.swift */; };
		BE407D8D2AA4C49000A9A7A0 /* DiaryListViewController.swift in Sources */ = {isa = PBXBuildFile; fileRef = BE407D8C2AA4C49000A9A7A0 /* DiaryListViewController.swift */; };
		BE54FCDA2AA5A1C1003716B9 /* ProfileViewController.swift in Sources */ = {isa = PBXBuildFile; fileRef = BE54FCD92AA5A1C1003716B9 /* ProfileViewController.swift */; };
		BE8113B22AA5AB1E00C8844E /* FirebaseAuthViewModel.swift in Sources */ = {isa = PBXBuildFile; fileRef = BE8113B12AA5AB1E00C8844E /* FirebaseAuthViewModel.swift */; };
		BE8113B42AA5CB6800C8844E /* ResetPasswordViewController.swift in Sources */ = {isa = PBXBuildFile; fileRef = BE8113B32AA5CB6800C8844E /* ResetPasswordViewController.swift */; };
		BE92C7982ADD12DB003CE796 /* DiaryListFilterView.swift in Sources */ = {isa = PBXBuildFile; fileRef = BE92C7972ADD12DB003CE796 /* DiaryListFilterView.swift */; };
		BE92C79A2ADD5A7E003CE796 /* DropDownButton.swift in Sources */ = {isa = PBXBuildFile; fileRef = BE92C7992ADD5A7E003CE796 /* DropDownButton.swift */; };
		BE92C79C2ADE5449003CE796 /* CategoryViewController.swift in Sources */ = {isa = PBXBuildFile; fileRef = BE92C79B2ADE5449003CE796 /* CategoryViewController.swift */; };
		BE92C79E2ADEBF1B003CE796 /* CategorySingleton.swift in Sources */ = {isa = PBXBuildFile; fileRef = BE92C79D2ADEBF1B003CE796 /* CategorySingleton.swift */; };
		BE92C7A02AE16BE6003CE796 /* CategoryListTableViewCell.swift in Sources */ = {isa = PBXBuildFile; fileRef = BE92C79F2AE16BE6003CE796 /* CategoryListTableViewCell.swift */; };
		BE92C7A22AE253B7003CE796 /* CategoryItem.swift in Sources */ = {isa = PBXBuildFile; fileRef = BE92C7A12AE253B7003CE796 /* CategoryItem.swift */; };
		BED58F6D2A9DF0E200B6C6A4 /* AppDelegate.swift in Sources */ = {isa = PBXBuildFile; fileRef = BED58F6C2A9DF0E200B6C6A4 /* AppDelegate.swift */; };
		BED58F6F2A9DF0E200B6C6A4 /* SceneDelegate.swift in Sources */ = {isa = PBXBuildFile; fileRef = BED58F6E2A9DF0E200B6C6A4 /* SceneDelegate.swift */; };
		BED58F712A9DF0E200B6C6A4 /* MapViewController.swift in Sources */ = {isa = PBXBuildFile; fileRef = BED58F702A9DF0E200B6C6A4 /* MapViewController.swift */; };
		BED58F742A9DF0E200B6C6A4 /* Main.storyboard in Resources */ = {isa = PBXBuildFile; fileRef = BED58F722A9DF0E200B6C6A4 /* Main.storyboard */; };
		BED58F772A9DF0E200B6C6A4 /* MyDiary.xcdatamodeld in Sources */ = {isa = PBXBuildFile; fileRef = BED58F752A9DF0E200B6C6A4 /* MyDiary.xcdatamodeld */; };
		BED58F792A9DF0E300B6C6A4 /* Assets.xcassets in Resources */ = {isa = PBXBuildFile; fileRef = BED58F782A9DF0E300B6C6A4 /* Assets.xcassets */; };
		BED58F7C2A9DF0E300B6C6A4 /* LaunchScreen.storyboard in Resources */ = {isa = PBXBuildFile; fileRef = BED58F7A2A9DF0E300B6C6A4 /* LaunchScreen.storyboard */; };
		BED58F872A9F1B9E00B6C6A4 /* Observable.swift in Sources */ = {isa = PBXBuildFile; fileRef = BED58F862A9F1B9E00B6C6A4 /* Observable.swift */; };
		BED58F8C2AA1C5BA00B6C6A4 /* GoogleService-Info.plist in Resources */ = {isa = PBXBuildFile; fileRef = BED58F8B2AA1C5BA00B6C6A4 /* GoogleService-Info.plist */; };
		E47D637175F6E5312C9CE227 /* Pods_MyDiary.framework in Frameworks */ = {isa = PBXBuildFile; fileRef = 819E7A7437D9E3DE5D9036D0 /* Pods_MyDiary.framework */; };
/* End PBXBuildFile section */

/* Begin PBXFileReference section */
		041AC04EECDEFACEC76648D0 /* Pods-MyDiary.release.xcconfig */ = {isa = PBXFileReference; includeInIndex = 1; lastKnownFileType = text.xcconfig; name = "Pods-MyDiary.release.xcconfig"; path = "Target Support Files/Pods-MyDiary/Pods-MyDiary.release.xcconfig"; sourceTree = "<group>"; };
		449B1F775C00E9DAF410925F /* Pods-MyDiary.debug.xcconfig */ = {isa = PBXFileReference; includeInIndex = 1; lastKnownFileType = text.xcconfig; name = "Pods-MyDiary.debug.xcconfig"; path = "Target Support Files/Pods-MyDiary/Pods-MyDiary.debug.xcconfig"; sourceTree = "<group>"; };
		819E7A7437D9E3DE5D9036D0 /* Pods_MyDiary.framework */ = {isa = PBXFileReference; explicitFileType = wrapper.framework; includeInIndex = 0; path = Pods_MyDiary.framework; sourceTree = BUILT_PRODUCTS_DIR; };
		BE2F3A0D2AA86F1100F9BF65 /* AddMemoViewController.swift */ = {isa = PBXFileReference; lastKnownFileType = sourcecode.swift; path = AddMemoViewController.swift; sourceTree = "<group>"; };
		BE2F3A0F2AA8747000F9BF65 /* DiaryTabBarController.swift */ = {isa = PBXFileReference; lastKnownFileType = sourcecode.swift; path = DiaryTabBarController.swift; sourceTree = "<group>"; };
		BE2F3A112AA8769900F9BF65 /* AddMemoViewModels.swift */ = {isa = PBXFileReference; lastKnownFileType = sourcecode.swift; path = AddMemoViewModels.swift; sourceTree = "<group>"; };
		BE2F3A142AA9A11200F9BF65 /* PreviewImageCell.swift */ = {isa = PBXFileReference; lastKnownFileType = sourcecode.swift; path = PreviewImageCell.swift; sourceTree = "<group>"; };
		BE2F3A162AAEDA1100F9BF65 /* LoadingIndicator.swift */ = {isa = PBXFileReference; lastKnownFileType = sourcecode.swift; path = LoadingIndicator.swift; sourceTree = "<group>"; };
		BE2F3A182AAF113F00F9BF65 /* DiaryListViewModel.swift */ = {isa = PBXFileReference; lastKnownFileType = sourcecode.swift; path = DiaryListViewModel.swift; sourceTree = "<group>"; };
		BE2F3A1A2AAF167000F9BF65 /* DiaryItem.swift */ = {isa = PBXFileReference; lastKnownFileType = sourcecode.swift; path = DiaryItem.swift; sourceTree = "<group>"; };
		BE2F3A1C2AB0488C00F9BF65 /* DiaryListCell.swift */ = {isa = PBXFileReference; lastKnownFileType = sourcecode.swift; path = DiaryListCell.swift; sourceTree = "<group>"; };
		BE2F3A1E2AB04A9E00F9BF65 /* ImageCacheManager.swift */ = {isa = PBXFileReference; lastKnownFileType = sourcecode.swift; path = ImageCacheManager.swift; sourceTree = "<group>"; };
		BE2F3A202AB1891900F9BF65 /* DiaryDetailViewController.swift */ = {isa = PBXFileReference; lastKnownFileType = sourcecode.swift; path = DiaryDetailViewController.swift; sourceTree = "<group>"; };
		BE2F3A222AB18B8A00F9BF65 /* DiaryDetailViewModel.swift */ = {isa = PBXFileReference; lastKnownFileType = sourcecode.swift; path = DiaryDetailViewModel.swift; sourceTree = "<group>"; };
		BE2F3A242AB457F900F9BF65 /* MapViewModel.swift */ = {isa = PBXFileReference; lastKnownFileType = sourcecode.swift; path = MapViewModel.swift; sourceTree = "<group>"; };
		BE2F3A262AB49BAD00F9BF65 /* Address.swift */ = {isa = PBXFileReference; lastKnownFileType = sourcecode.swift; path = Address.swift; sourceTree = "<group>"; };
		BE2F3A282AB98BD800F9BF65 /* DiaryDetailImageCell.swift */ = {isa = PBXFileReference; lastKnownFileType = sourcecode.swift; path = DiaryDetailImageCell.swift; sourceTree = "<group>"; };
		BE2F3A2A2AC17C9E00F9BF65 /* DiarytListSingleton.swift */ = {isa = PBXFileReference; lastKnownFileType = sourcecode.swift; path = DiarytListSingleton.swift; sourceTree = "<group>"; };
		BE2F3A2C2AC1A7AA00F9BF65 /* ImageMarkerView.swift */ = {isa = PBXFileReference; lastKnownFileType = sourcecode.swift; path = ImageMarkerView.swift; sourceTree = "<group>"; };
		BE2F3A322ACD80D600F9BF65 /* MapSelectionViewController.swift */ = {isa = PBXFileReference; lastKnownFileType = sourcecode.swift; path = MapSelectionViewController.swift; sourceTree = "<group>"; };
		BE2F3A342ACEE54B00F9BF65 /* DiaryListImageCell.swift */ = {isa = PBXFileReference; lastKnownFileType = sourcecode.swift; path = DiaryListImageCell.swift; sourceTree = "<group>"; };
		BE2F3A362ACFFB1A00F9BF65 /* DiaryListMenuHeaderView.swift */ = {isa = PBXFileReference; lastKnownFileType = sourcecode.swift; path = DiaryListMenuHeaderView.swift; sourceTree = "<group>"; };
		BE407D842AA4B04C00A9A7A0 /* SignInViewController.swift */ = {isa = PBXFileReference; lastKnownFileType = sourcecode.swift; path = SignInViewController.swift; sourceTree = "<group>"; };
		BE407D862AA4B0B500A9A7A0 /* SignUpViewController.swift */ = {isa = PBXFileReference; lastKnownFileType = sourcecode.swift; path = SignUpViewController.swift; sourceTree = "<group>"; };
		BE407D8C2AA4C49000A9A7A0 /* DiaryListViewController.swift */ = {isa = PBXFileReference; lastKnownFileType = sourcecode.swift; path = DiaryListViewController.swift; sourceTree = "<group>"; };
		BE54FCD92AA5A1C1003716B9 /* ProfileViewController.swift */ = {isa = PBXFileReference; lastKnownFileType = sourcecode.swift; path = ProfileViewController.swift; sourceTree = "<group>"; };
		BE8113B12AA5AB1E00C8844E /* FirebaseAuthViewModel.swift */ = {isa = PBXFileReference; lastKnownFileType = sourcecode.swift; path = FirebaseAuthViewModel.swift; sourceTree = "<group>"; };
		BE8113B32AA5CB6800C8844E /* ResetPasswordViewController.swift */ = {isa = PBXFileReference; lastKnownFileType = sourcecode.swift; path = ResetPasswordViewController.swift; sourceTree = "<group>"; };
		BE92C7972ADD12DB003CE796 /* DiaryListFilterView.swift */ = {isa = PBXFileReference; lastKnownFileType = sourcecode.swift; path = DiaryListFilterView.swift; sourceTree = "<group>"; };
		BE92C7992ADD5A7E003CE796 /* DropDownButton.swift */ = {isa = PBXFileReference; lastKnownFileType = sourcecode.swift; path = DropDownButton.swift; sourceTree = "<group>"; };
		BE92C79B2ADE5449003CE796 /* CategoryViewController.swift */ = {isa = PBXFileReference; lastKnownFileType = sourcecode.swift; path = CategoryViewController.swift; sourceTree = "<group>"; };
		BE92C79D2ADEBF1B003CE796 /* CategorySingleton.swift */ = {isa = PBXFileReference; lastKnownFileType = sourcecode.swift; path = CategorySingleton.swift; sourceTree = "<group>"; };
		BE92C79F2AE16BE6003CE796 /* CategoryListTableViewCell.swift */ = {isa = PBXFileReference; lastKnownFileType = sourcecode.swift; path = CategoryListTableViewCell.swift; sourceTree = "<group>"; };
		BE92C7A12AE253B7003CE796 /* CategoryItem.swift */ = {isa = PBXFileReference; lastKnownFileType = sourcecode.swift; path = CategoryItem.swift; sourceTree = "<group>"; };
		BED58F692A9DF0E200B6C6A4 /* MyDiary.app */ = {isa = PBXFileReference; explicitFileType = wrapper.application; includeInIndex = 0; path = MyDiary.app; sourceTree = BUILT_PRODUCTS_DIR; };
		BED58F6C2A9DF0E200B6C6A4 /* AppDelegate.swift */ = {isa = PBXFileReference; lastKnownFileType = sourcecode.swift; path = AppDelegate.swift; sourceTree = "<group>"; };
		BED58F6E2A9DF0E200B6C6A4 /* SceneDelegate.swift */ = {isa = PBXFileReference; lastKnownFileType = sourcecode.swift; path = SceneDelegate.swift; sourceTree = "<group>"; };
		BED58F702A9DF0E200B6C6A4 /* MapViewController.swift */ = {isa = PBXFileReference; lastKnownFileType = sourcecode.swift; path = MapViewController.swift; sourceTree = "<group>"; };
		BED58F732A9DF0E200B6C6A4 /* Base */ = {isa = PBXFileReference; lastKnownFileType = file.storyboard; name = Base; path = Base.lproj/Main.storyboard; sourceTree = "<group>"; };
		BED58F762A9DF0E200B6C6A4 /* MyDiary.xcdatamodel */ = {isa = PBXFileReference; lastKnownFileType = wrapper.xcdatamodel; path = MyDiary.xcdatamodel; sourceTree = "<group>"; };
		BED58F782A9DF0E300B6C6A4 /* Assets.xcassets */ = {isa = PBXFileReference; lastKnownFileType = folder.assetcatalog; path = Assets.xcassets; sourceTree = "<group>"; };
		BED58F7B2A9DF0E300B6C6A4 /* Base */ = {isa = PBXFileReference; lastKnownFileType = file.storyboard; name = Base; path = Base.lproj/LaunchScreen.storyboard; sourceTree = "<group>"; };
		BED58F7D2A9DF0E300B6C6A4 /* Info.plist */ = {isa = PBXFileReference; lastKnownFileType = text.plist.xml; path = Info.plist; sourceTree = "<group>"; };
		BED58F862A9F1B9E00B6C6A4 /* Observable.swift */ = {isa = PBXFileReference; lastKnownFileType = sourcecode.swift; path = Observable.swift; sourceTree = "<group>"; };
		BED58F8B2AA1C5BA00B6C6A4 /* GoogleService-Info.plist */ = {isa = PBXFileReference; fileEncoding = 4; lastKnownFileType = text.plist.xml; path = "GoogleService-Info.plist"; sourceTree = "<group>"; };
/* End PBXFileReference section */

/* Begin PBXFrameworksBuildPhase section */
		BED58F662A9DF0E200B6C6A4 /* Frameworks */ = {
			isa = PBXFrameworksBuildPhase;
			buildActionMask = 2147483647;
			files = (
				E47D637175F6E5312C9CE227 /* Pods_MyDiary.framework in Frameworks */,
			);
			runOnlyForDeploymentPostprocessing = 0;
		};
/* End PBXFrameworksBuildPhase section */

/* Begin PBXGroup section */
		20DEA8509CAC51FD7C0531A6 /* Frameworks */ = {
			isa = PBXGroup;
			children = (
				819E7A7437D9E3DE5D9036D0 /* Pods_MyDiary.framework */,
			);
			name = Frameworks;
			sourceTree = "<group>";
		};
		BE2F3A132AA9A0FF00F9BF65 /* View */ = {
			isa = PBXGroup;
			children = (
				BE2F3A142AA9A11200F9BF65 /* PreviewImageCell.swift */,
				BE2F3A282AB98BD800F9BF65 /* DiaryDetailImageCell.swift */,
				BE2F3A2C2AC1A7AA00F9BF65 /* ImageMarkerView.swift */,
				BE2F3A1C2AB0488C00F9BF65 /* DiaryListCell.swift */,
				BE2F3A342ACEE54B00F9BF65 /* DiaryListImageCell.swift */,
				BE2F3A362ACFFB1A00F9BF65 /* DiaryListMenuHeaderView.swift */,
				BE92C7972ADD12DB003CE796 /* DiaryListFilterView.swift */,
				BE92C79F2AE16BE6003CE796 /* CategoryListTableViewCell.swift */,
				BE92C7992ADD5A7E003CE796 /* DropDownButton.swift */,
			);
			path = View;
			sourceTree = "<group>";
		};
		BE54FCDB2AA5A920003716B9 /* Models */ = {
			isa = PBXGroup;
			children = (
				BE2F3A1A2AAF167000F9BF65 /* DiaryItem.swift */,
				BE2F3A262AB49BAD00F9BF65 /* Address.swift */,
				BE92C7A12AE253B7003CE796 /* CategoryItem.swift */,
			);
			path = Models;
			sourceTree = "<group>";
		};
		BE54FCDC2AA5A960003716B9 /* ViewModels */ = {
			isa = PBXGroup;
			children = (
				BE8113B12AA5AB1E00C8844E /* FirebaseAuthViewModel.swift */,
				BE2F3A112AA8769900F9BF65 /* AddMemoViewModels.swift */,
				BE2F3A182AAF113F00F9BF65 /* DiaryListViewModel.swift */,
				BE2F3A222AB18B8A00F9BF65 /* DiaryDetailViewModel.swift */,
				BE2F3A242AB457F900F9BF65 /* MapViewModel.swift */,
			);
			path = ViewModels;
			sourceTree = "<group>";
		};
		BED58F602A9DF0E200B6C6A4 = {
			isa = PBXGroup;
			children = (
				BED58F8B2AA1C5BA00B6C6A4 /* GoogleService-Info.plist */,
				BED58F6B2A9DF0E200B6C6A4 /* MyDiary */,
				BED58F6A2A9DF0E200B6C6A4 /* Products */,
				CCEC1DE37EFDB2978A9B6024 /* Pods */,
				20DEA8509CAC51FD7C0531A6 /* Frameworks */,
			);
			sourceTree = "<group>";
		};
		BED58F6A2A9DF0E200B6C6A4 /* Products */ = {
			isa = PBXGroup;
			children = (
				BED58F692A9DF0E200B6C6A4 /* MyDiary.app */,
			);
			name = Products;
			sourceTree = "<group>";
		};
		BED58F6B2A9DF0E200B6C6A4 /* MyDiary */ = {
			isa = PBXGroup;
			children = (
				BE2F3A132AA9A0FF00F9BF65 /* View */,
				BE54FCDB2AA5A920003716B9 /* Models */,
				BE54FCDC2AA5A960003716B9 /* ViewModels */,
				BED58F852A9F1B9400B6C6A4 /* Shared */,
				BED58F842A9DF12E00B6C6A4 /* Controllers */,
				BED58F832A9DF0F300B6C6A4 /* predefined */,
			);
			path = MyDiary;
			sourceTree = "<group>";
		};
		BED58F832A9DF0F300B6C6A4 /* predefined */ = {
			isa = PBXGroup;
			children = (
				BED58F7D2A9DF0E300B6C6A4 /* Info.plist */,
				BED58F752A9DF0E200B6C6A4 /* MyDiary.xcdatamodeld */,
				BED58F6C2A9DF0E200B6C6A4 /* AppDelegate.swift */,
				BED58F6E2A9DF0E200B6C6A4 /* SceneDelegate.swift */,
				BED58F722A9DF0E200B6C6A4 /* Main.storyboard */,
				BED58F782A9DF0E300B6C6A4 /* Assets.xcassets */,
				BED58F7A2A9DF0E300B6C6A4 /* LaunchScreen.storyboard */,
			);
			path = predefined;
			sourceTree = "<group>";
		};
		BED58F842A9DF12E00B6C6A4 /* Controllers */ = {
			isa = PBXGroup;
			children = (
				BE407D862AA4B0B500A9A7A0 /* SignUpViewController.swift */,
				BE407D842AA4B04C00A9A7A0 /* SignInViewController.swift */,
				BE8113B32AA5CB6800C8844E /* ResetPasswordViewController.swift */,
				BE407D8C2AA4C49000A9A7A0 /* DiaryListViewController.swift */,
				BE2F3A202AB1891900F9BF65 /* DiaryDetailViewController.swift */,
				BE2F3A0D2AA86F1100F9BF65 /* AddMemoViewController.swift */,
				BE2F3A322ACD80D600F9BF65 /* MapSelectionViewController.swift */,
				BED58F702A9DF0E200B6C6A4 /* MapViewController.swift */,
				BE54FCD92AA5A1C1003716B9 /* ProfileViewController.swift */,
				BE92C79B2ADE5449003CE796 /* CategoryViewController.swift */,
				BE2F3A0F2AA8747000F9BF65 /* DiaryTabBarController.swift */,
			);
			path = Controllers;
			sourceTree = "<group>";
		};
		BED58F852A9F1B9400B6C6A4 /* Shared */ = {
			isa = PBXGroup;
			children = (
				BED58F862A9F1B9E00B6C6A4 /* Observable.swift */,
				BE2F3A162AAEDA1100F9BF65 /* LoadingIndicator.swift */,
				BE2F3A1E2AB04A9E00F9BF65 /* ImageCacheManager.swift */,
				BE2F3A2A2AC17C9E00F9BF65 /* DiarytListSingleton.swift */,
				BE92C79D2ADEBF1B003CE796 /* CategorySingleton.swift */,
			);
			path = Shared;
			sourceTree = "<group>";
		};
		CCEC1DE37EFDB2978A9B6024 /* Pods */ = {
			isa = PBXGroup;
			children = (
				449B1F775C00E9DAF410925F /* Pods-MyDiary.debug.xcconfig */,
				041AC04EECDEFACEC76648D0 /* Pods-MyDiary.release.xcconfig */,
			);
			path = Pods;
			sourceTree = "<group>";
		};
/* End PBXGroup section */

/* Begin PBXHeadersBuildPhase section */
		BE92C7942AD6972B003CE796 /* Headers */ = {
			isa = PBXHeadersBuildPhase;
			buildActionMask = 2147483647;
			files = (
			);
			runOnlyForDeploymentPostprocessing = 0;
		};
/* End PBXHeadersBuildPhase section */

/* Begin PBXNativeTarget section */
		BED58F682A9DF0E200B6C6A4 /* MyDiary */ = {
			isa = PBXNativeTarget;
			buildConfigurationList = BED58F802A9DF0E300B6C6A4 /* Build configuration list for PBXNativeTarget "MyDiary" */;
			buildPhases = (
				8B4052085548853785170884 /* [CP] Check Pods Manifest.lock */,
				BE92C7942AD6972B003CE796 /* Headers */,
				BED58F652A9DF0E200B6C6A4 /* Sources */,
				BED58F662A9DF0E200B6C6A4 /* Frameworks */,
				BED58F672A9DF0E200B6C6A4 /* Resources */,
				C4808608588E417FFA2CE304 /* [CP] Embed Pods Frameworks */,
			);
			buildRules = (
			);
			dependencies = (
			);
			name = MyDiary;
			productName = MyDiary;
			productReference = BED58F692A9DF0E200B6C6A4 /* MyDiary.app */;
			productType = "com.apple.product-type.application";
		};
/* End PBXNativeTarget section */

/* Begin PBXProject section */
		BED58F612A9DF0E200B6C6A4 /* Project object */ = {
			isa = PBXProject;
			attributes = {
				BuildIndependentTargetsInParallel = 1;
				LastSwiftUpdateCheck = 1430;
				LastUpgradeCheck = 1430;
				TargetAttributes = {
					BED58F682A9DF0E200B6C6A4 = {
						CreatedOnToolsVersion = 14.3.1;
					};
				};
			};
			buildConfigurationList = BED58F642A9DF0E200B6C6A4 /* Build configuration list for PBXProject "MyDiary" */;
			compatibilityVersion = "Xcode 14.0";
			developmentRegion = en;
			hasScannedForEncodings = 0;
			knownRegions = (
				en,
				Base,
			);
			mainGroup = BED58F602A9DF0E200B6C6A4;
			productRefGroup = BED58F6A2A9DF0E200B6C6A4 /* Products */;
			projectDirPath = "";
			projectRoot = "";
			targets = (
				BED58F682A9DF0E200B6C6A4 /* MyDiary */,
			);
		};
/* End PBXProject section */

/* Begin PBXResourcesBuildPhase section */
		BED58F672A9DF0E200B6C6A4 /* Resources */ = {
			isa = PBXResourcesBuildPhase;
			buildActionMask = 2147483647;
			files = (
				BED58F7C2A9DF0E300B6C6A4 /* LaunchScreen.storyboard in Resources */,
				BED58F8C2AA1C5BA00B6C6A4 /* GoogleService-Info.plist in Resources */,
				BED58F792A9DF0E300B6C6A4 /* Assets.xcassets in Resources */,
				BED58F742A9DF0E200B6C6A4 /* Main.storyboard in Resources */,
			);
			runOnlyForDeploymentPostprocessing = 0;
		};
/* End PBXResourcesBuildPhase section */

/* Begin PBXShellScriptBuildPhase section */
		8B4052085548853785170884 /* [CP] Check Pods Manifest.lock */ = {
			isa = PBXShellScriptBuildPhase;
			buildActionMask = 2147483647;
			files = (
			);
			inputFileListPaths = (
			);
			inputPaths = (
				"${PODS_PODFILE_DIR_PATH}/Podfile.lock",
				"${PODS_ROOT}/Manifest.lock",
			);
			name = "[CP] Check Pods Manifest.lock";
			outputFileListPaths = (
			);
			outputPaths = (
				"$(DERIVED_FILE_DIR)/Pods-MyDiary-checkManifestLockResult.txt",
			);
			runOnlyForDeploymentPostprocessing = 0;
			shellPath = /bin/sh;
			shellScript = "diff \"${PODS_PODFILE_DIR_PATH}/Podfile.lock\" \"${PODS_ROOT}/Manifest.lock\" > /dev/null\nif [ $? != 0 ] ; then\n    # print error to STDERR\n    echo \"error: The sandbox is not in sync with the Podfile.lock. Run 'pod install' or update your CocoaPods installation.\" >&2\n    exit 1\nfi\n# This output is used by Xcode 'outputs' to avoid re-running this script phase.\necho \"SUCCESS\" > \"${SCRIPT_OUTPUT_FILE_0}\"\n";
			showEnvVarsInLog = 0;
		};
		C4808608588E417FFA2CE304 /* [CP] Embed Pods Frameworks */ = {
			isa = PBXShellScriptBuildPhase;
			buildActionMask = 12;
			files = (
			);
			inputFileListPaths = (
				"${PODS_ROOT}/Target Support Files/Pods-MyDiary/Pods-MyDiary-frameworks-${CONFIGURATION}-input-files.xcfilelist",
			);
			name = "[CP] Embed Pods Frameworks";
			outputFileListPaths = (
				"${PODS_ROOT}/Target Support Files/Pods-MyDiary/Pods-MyDiary-frameworks-${CONFIGURATION}-output-files.xcfilelist",
			);
			runOnlyForDeploymentPostprocessing = 0;
			shellPath = /bin/sh;
			shellScript = "\"${PODS_ROOT}/Target Support Files/Pods-MyDiary/Pods-MyDiary-frameworks.sh\"\n";
			showEnvVarsInLog = 0;
		};
/* End PBXShellScriptBuildPhase section */

/* Begin PBXSourcesBuildPhase section */
		BED58F652A9DF0E200B6C6A4 /* Sources */ = {
			isa = PBXSourcesBuildPhase;
			buildActionMask = 2147483647;
			files = (
				BE2F3A0E2AA86F1100F9BF65 /* AddMemoViewController.swift in Sources */,
				BE2F3A1B2AAF167000F9BF65 /* DiaryItem.swift in Sources */,
				BE407D852AA4B04C00A9A7A0 /* SignInViewController.swift in Sources */,
				BE407D872AA4B0B500A9A7A0 /* SignUpViewController.swift in Sources */,
				BE92C7A02AE16BE6003CE796 /* CategoryListTableViewCell.swift in Sources */,
				BE2F3A2D2AC1A7AA00F9BF65 /* ImageMarkerView.swift in Sources */,
				BED58F712A9DF0E200B6C6A4 /* MapViewController.swift in Sources */,
				BE2F3A152AA9A11200F9BF65 /* PreviewImageCell.swift in Sources */,
				BE92C79E2ADEBF1B003CE796 /* CategorySingleton.swift in Sources */,
				BE2F3A272AB49BAD00F9BF65 /* Address.swift in Sources */,
				BE8113B42AA5CB6800C8844E /* ResetPasswordViewController.swift in Sources */,
				BED58F872A9F1B9E00B6C6A4 /* Observable.swift in Sources */,
				BE2F3A1D2AB0488C00F9BF65 /* DiaryListCell.swift in Sources */,
				BE2F3A192AAF113F00F9BF65 /* DiaryListViewModel.swift in Sources */,
				BE2F3A332ACD80D600F9BF65 /* MapSelectionViewController.swift in Sources */,
				BE2F3A212AB1891900F9BF65 /* DiaryDetailViewController.swift in Sources */,
				BE2F3A252AB457F900F9BF65 /* MapViewModel.swift in Sources */,
				BE2F3A102AA8747000F9BF65 /* DiaryTabBarController.swift in Sources */,
				BE8113B22AA5AB1E00C8844E /* FirebaseAuthViewModel.swift in Sources */,
				BE2F3A1F2AB04A9E00F9BF65 /* ImageCacheManager.swift in Sources */,
				BED58F6D2A9DF0E200B6C6A4 /* AppDelegate.swift in Sources */,
				BE2F3A232AB18B8A00F9BF65 /* DiaryDetailViewModel.swift in Sources */,
				BE92C7A22AE253B7003CE796 /* CategoryItem.swift in Sources */,
				BE2F3A2B2AC17C9E00F9BF65 /* DiarytListSingleton.swift in Sources */,
				BE407D8D2AA4C49000A9A7A0 /* DiaryListViewController.swift in Sources */,
				BE92C7982ADD12DB003CE796 /* DiaryListFilterView.swift in Sources */,
				BE2F3A122AA8769900F9BF65 /* AddMemoViewModels.swift in Sources */,
				BE92C79A2ADD5A7E003CE796 /* DropDownButton.swift in Sources */,
				BE2F3A172AAEDA1100F9BF65 /* LoadingIndicator.swift in Sources */,
				BE2F3A372ACFFB1A00F9BF65 /* DiaryListMenuHeaderView.swift in Sources */,
				BE54FCDA2AA5A1C1003716B9 /* ProfileViewController.swift in Sources */,
				BED58F6F2A9DF0E200B6C6A4 /* SceneDelegate.swift in Sources */,
				BE2F3A292AB98BD800F9BF65 /* DiaryDetailImageCell.swift in Sources */,
				BED58F772A9DF0E200B6C6A4 /* MyDiary.xcdatamodeld in Sources */,
				BE92C79C2ADE5449003CE796 /* CategoryViewController.swift in Sources */,
				BE2F3A352ACEE54B00F9BF65 /* DiaryListImageCell.swift in Sources */,
			);
			runOnlyForDeploymentPostprocessing = 0;
		};
/* End PBXSourcesBuildPhase section */

/* Begin PBXVariantGroup section */
		BED58F722A9DF0E200B6C6A4 /* Main.storyboard */ = {
			isa = PBXVariantGroup;
			children = (
				BED58F732A9DF0E200B6C6A4 /* Base */,
			);
			name = Main.storyboard;
			sourceTree = "<group>";
		};
		BED58F7A2A9DF0E300B6C6A4 /* LaunchScreen.storyboard */ = {
			isa = PBXVariantGroup;
			children = (
				BED58F7B2A9DF0E300B6C6A4 /* Base */,
			);
			name = LaunchScreen.storyboard;
			sourceTree = "<group>";
		};
/* End PBXVariantGroup section */

/* Begin XCBuildConfiguration section */
		BED58F7E2A9DF0E300B6C6A4 /* Debug */ = {
			isa = XCBuildConfiguration;
			buildSettings = {
				ALWAYS_SEARCH_USER_PATHS = NO;
				CLANG_ANALYZER_NONNULL = YES;
				CLANG_ANALYZER_NUMBER_OBJECT_CONVERSION = YES_AGGRESSIVE;
				CLANG_CXX_LANGUAGE_STANDARD = "gnu++20";
				CLANG_ENABLE_MODULES = YES;
				CLANG_ENABLE_OBJC_ARC = YES;
				CLANG_ENABLE_OBJC_WEAK = YES;
				CLANG_WARN_BLOCK_CAPTURE_AUTORELEASING = YES;
				CLANG_WARN_BOOL_CONVERSION = YES;
				CLANG_WARN_COMMA = YES;
				CLANG_WARN_CONSTANT_CONVERSION = YES;
				CLANG_WARN_DEPRECATED_OBJC_IMPLEMENTATIONS = YES;
				CLANG_WARN_DIRECT_OBJC_ISA_USAGE = YES_ERROR;
				CLANG_WARN_DOCUMENTATION_COMMENTS = YES;
				CLANG_WARN_EMPTY_BODY = YES;
				CLANG_WARN_ENUM_CONVERSION = YES;
				CLANG_WARN_INFINITE_RECURSION = YES;
				CLANG_WARN_INT_CONVERSION = YES;
				CLANG_WARN_NON_LITERAL_NULL_CONVERSION = YES;
				CLANG_WARN_OBJC_IMPLICIT_RETAIN_SELF = YES;
				CLANG_WARN_OBJC_LITERAL_CONVERSION = YES;
				CLANG_WARN_OBJC_ROOT_CLASS = YES_ERROR;
				CLANG_WARN_QUOTED_INCLUDE_IN_FRAMEWORK_HEADER = YES;
				CLANG_WARN_RANGE_LOOP_ANALYSIS = YES;
				CLANG_WARN_STRICT_PROTOTYPES = YES;
				CLANG_WARN_SUSPICIOUS_MOVE = YES;
				CLANG_WARN_UNGUARDED_AVAILABILITY = YES_AGGRESSIVE;
				CLANG_WARN_UNREACHABLE_CODE = YES;
				CLANG_WARN__DUPLICATE_METHOD_MATCH = YES;
				COPY_PHASE_STRIP = NO;
				DEBUG_INFORMATION_FORMAT = dwarf;
				ENABLE_STRICT_OBJC_MSGSEND = YES;
				ENABLE_TESTABILITY = YES;
				GCC_C_LANGUAGE_STANDARD = gnu11;
				GCC_DYNAMIC_NO_PIC = NO;
				GCC_NO_COMMON_BLOCKS = YES;
				GCC_OPTIMIZATION_LEVEL = 0;
				GCC_PREPROCESSOR_DEFINITIONS = (
					"DEBUG=1",
					"$(inherited)",
				);
				GCC_WARN_64_TO_32_BIT_CONVERSION = YES;
				GCC_WARN_ABOUT_RETURN_TYPE = YES_ERROR;
				GCC_WARN_UNDECLARED_SELECTOR = YES;
				GCC_WARN_UNINITIALIZED_AUTOS = YES_AGGRESSIVE;
				GCC_WARN_UNUSED_FUNCTION = YES;
				GCC_WARN_UNUSED_VARIABLE = YES;
				IPHONEOS_DEPLOYMENT_TARGET = 14.0;
				MTL_ENABLE_DEBUG_INFO = INCLUDE_SOURCE;
				MTL_FAST_MATH = YES;
				ONLY_ACTIVE_ARCH = YES;
				SDKROOT = iphoneos;
				SWIFT_ACTIVE_COMPILATION_CONDITIONS = DEBUG;
				SWIFT_OPTIMIZATION_LEVEL = "-Onone";
			};
			name = Debug;
		};
		BED58F7F2A9DF0E300B6C6A4 /* Release */ = {
			isa = XCBuildConfiguration;
			buildSettings = {
				ALWAYS_SEARCH_USER_PATHS = NO;
				CLANG_ANALYZER_NONNULL = YES;
				CLANG_ANALYZER_NUMBER_OBJECT_CONVERSION = YES_AGGRESSIVE;
				CLANG_CXX_LANGUAGE_STANDARD = "gnu++20";
				CLANG_ENABLE_MODULES = YES;
				CLANG_ENABLE_OBJC_ARC = YES;
				CLANG_ENABLE_OBJC_WEAK = YES;
				CLANG_WARN_BLOCK_CAPTURE_AUTORELEASING = YES;
				CLANG_WARN_BOOL_CONVERSION = YES;
				CLANG_WARN_COMMA = YES;
				CLANG_WARN_CONSTANT_CONVERSION = YES;
				CLANG_WARN_DEPRECATED_OBJC_IMPLEMENTATIONS = YES;
				CLANG_WARN_DIRECT_OBJC_ISA_USAGE = YES_ERROR;
				CLANG_WARN_DOCUMENTATION_COMMENTS = YES;
				CLANG_WARN_EMPTY_BODY = YES;
				CLANG_WARN_ENUM_CONVERSION = YES;
				CLANG_WARN_INFINITE_RECURSION = YES;
				CLANG_WARN_INT_CONVERSION = YES;
				CLANG_WARN_NON_LITERAL_NULL_CONVERSION = YES;
				CLANG_WARN_OBJC_IMPLICIT_RETAIN_SELF = YES;
				CLANG_WARN_OBJC_LITERAL_CONVERSION = YES;
				CLANG_WARN_OBJC_ROOT_CLASS = YES_ERROR;
				CLANG_WARN_QUOTED_INCLUDE_IN_FRAMEWORK_HEADER = YES;
				CLANG_WARN_RANGE_LOOP_ANALYSIS = YES;
				CLANG_WARN_STRICT_PROTOTYPES = YES;
				CLANG_WARN_SUSPICIOUS_MOVE = YES;
				CLANG_WARN_UNGUARDED_AVAILABILITY = YES_AGGRESSIVE;
				CLANG_WARN_UNREACHABLE_CODE = YES;
				CLANG_WARN__DUPLICATE_METHOD_MATCH = YES;
				COPY_PHASE_STRIP = NO;
				DEBUG_INFORMATION_FORMAT = "dwarf-with-dsym";
				ENABLE_NS_ASSERTIONS = NO;
				ENABLE_STRICT_OBJC_MSGSEND = YES;
				GCC_C_LANGUAGE_STANDARD = gnu11;
				GCC_NO_COMMON_BLOCKS = YES;
				GCC_WARN_64_TO_32_BIT_CONVERSION = YES;
				GCC_WARN_ABOUT_RETURN_TYPE = YES_ERROR;
				GCC_WARN_UNDECLARED_SELECTOR = YES;
				GCC_WARN_UNINITIALIZED_AUTOS = YES_AGGRESSIVE;
				GCC_WARN_UNUSED_FUNCTION = YES;
				GCC_WARN_UNUSED_VARIABLE = YES;
				IPHONEOS_DEPLOYMENT_TARGET = 14.0;
				MTL_ENABLE_DEBUG_INFO = NO;
				MTL_FAST_MATH = YES;
				SDKROOT = iphoneos;
				SWIFT_COMPILATION_MODE = wholemodule;
				SWIFT_OPTIMIZATION_LEVEL = "-O";
				VALIDATE_PRODUCT = YES;
			};
			name = Release;
		};
		BED58F812A9DF0E300B6C6A4 /* Debug */ = {
			isa = XCBuildConfiguration;
			baseConfigurationReference = 449B1F775C00E9DAF410925F /* Pods-MyDiary.debug.xcconfig */;
			buildSettings = {
				ASSETCATALOG_COMPILER_APPICON_NAME = AppIcon;
				ASSETCATALOG_COMPILER_GLOBAL_ACCENT_COLOR_NAME = AccentColor;
				CODE_SIGN_STYLE = Automatic;
				CURRENT_PROJECT_VERSION = 1;
				DEVELOPMENT_TEAM = 5VQ9DRSPK5;
				GENERATE_INFOPLIST_FILE = YES;
				INFOPLIST_FILE = MyDiary/predefined/Info.plist;
				INFOPLIST_KEY_UIApplicationSupportsIndirectInputEvents = YES;
				INFOPLIST_KEY_UILaunchStoryboardName = LaunchScreen;
				INFOPLIST_KEY_UIMainStoryboardFile = Main;
				INFOPLIST_KEY_UISupportedInterfaceOrientations_iPad = "UIInterfaceOrientationPortrait UIInterfaceOrientationPortraitUpsideDown UIInterfaceOrientationLandscapeLeft UIInterfaceOrientationLandscapeRight";
				INFOPLIST_KEY_UISupportedInterfaceOrientations_iPhone = "UIInterfaceOrientationPortrait UIInterfaceOrientationLandscapeLeft UIInterfaceOrientationLandscapeRight";
				IPHONEOS_DEPLOYMENT_TARGET = 15.0;
				LD_RUNPATH_SEARCH_PATHS = (
					"$(inherited)",
					"@executable_path/Frameworks",
				);
				MARKETING_VERSION = 1.0;
				PRODUCT_BUNDLE_IDENTIFIER = dw0124.MyDiary;
				PRODUCT_NAME = "$(TARGET_NAME)";
				SWIFT_EMIT_LOC_STRINGS = YES;
				SWIFT_VERSION = 5.0;
				TARGETED_DEVICE_FAMILY = "1,2";
			};
			name = Debug;
		};
		BED58F822A9DF0E300B6C6A4 /* Release */ = {
			isa = XCBuildConfiguration;
			baseConfigurationReference = 041AC04EECDEFACEC76648D0 /* Pods-MyDiary.release.xcconfig */;
			buildSettings = {
				ASSETCATALOG_COMPILER_APPICON_NAME = AppIcon;
				ASSETCATALOG_COMPILER_GLOBAL_ACCENT_COLOR_NAME = AccentColor;
				CODE_SIGN_STYLE = Automatic;
				CURRENT_PROJECT_VERSION = 1;
				DEVELOPMENT_TEAM = 5VQ9DRSPK5;
				GENERATE_INFOPLIST_FILE = YES;
				INFOPLIST_FILE = MyDiary/predefined/Info.plist;
				INFOPLIST_KEY_UIApplicationSupportsIndirectInputEvents = YES;
				INFOPLIST_KEY_UILaunchStoryboardName = LaunchScreen;
				INFOPLIST_KEY_UIMainStoryboardFile = Main;
				INFOPLIST_KEY_UISupportedInterfaceOrientations_iPad = "UIInterfaceOrientationPortrait UIInterfaceOrientationPortraitUpsideDown UIInterfaceOrientationLandscapeLeft UIInterfaceOrientationLandscapeRight";
				INFOPLIST_KEY_UISupportedInterfaceOrientations_iPhone = "UIInterfaceOrientationPortrait UIInterfaceOrientationLandscapeLeft UIInterfaceOrientationLandscapeRight";
				IPHONEOS_DEPLOYMENT_TARGET = 15.0;
				LD_RUNPATH_SEARCH_PATHS = (
					"$(inherited)",
					"@executable_path/Frameworks",
				);
				MARKETING_VERSION = 1.0;
				PRODUCT_BUNDLE_IDENTIFIER = dw0124.MyDiary;
				PRODUCT_NAME = "$(TARGET_NAME)";
				SWIFT_EMIT_LOC_STRINGS = YES;
				SWIFT_VERSION = 5.0;
				TARGETED_DEVICE_FAMILY = "1,2";
			};
			name = Release;
		};
/* End XCBuildConfiguration section */

/* Begin XCConfigurationList section */
		BED58F642A9DF0E200B6C6A4 /* Build configuration list for PBXProject "MyDiary" */ = {
			isa = XCConfigurationList;
			buildConfigurations = (
				BED58F7E2A9DF0E300B6C6A4 /* Debug */,
				BED58F7F2A9DF0E300B6C6A4 /* Release */,
			);
			defaultConfigurationIsVisible = 0;
			defaultConfigurationName = Release;
		};
		BED58F802A9DF0E300B6C6A4 /* Build configuration list for PBXNativeTarget "MyDiary" */ = {
			isa = XCConfigurationList;
			buildConfigurations = (
				BED58F812A9DF0E300B6C6A4 /* Debug */,
				BED58F822A9DF0E300B6C6A4 /* Release */,
			);
			defaultConfigurationIsVisible = 0;
			defaultConfigurationName = Release;
		};
/* End XCConfigurationList section */

/* Begin XCVersionGroup section */
		BED58F752A9DF0E200B6C6A4 /* MyDiary.xcdatamodeld */ = {
			isa = XCVersionGroup;
			children = (
				BED58F762A9DF0E200B6C6A4 /* MyDiary.xcdatamodel */,
			);
			currentVersion = BED58F762A9DF0E200B6C6A4 /* MyDiary.xcdatamodel */;
			path = MyDiary.xcdatamodeld;
			sourceTree = "<group>";
			versionGroupType = wrapper.xcdatamodel;
		};
/* End XCVersionGroup section */
	};
	rootObject = BED58F612A9DF0E200B6C6A4 /* Project object */;
}
